// !$*UTF8*$!
{
	archiveVersion = 1;
	classes = {
	};
	objectVersion = 56;
	objects = {

/* Begin PBXBuildFile section */
		744B17DE2BBAD01F0028E65A /* InfoView.swift in Sources */ = {isa = PBXBuildFile; fileRef = 744B17DD2BBAD01F0028E65A /* InfoView.swift */; };
		7484A94B2B7B5D2E00A302A7 /* Main.swift in Sources */ = {isa = PBXBuildFile; fileRef = 7484A94A2B7B5D2E00A302A7 /* Main.swift */; };
		7484A94F2B7B5D2F00A302A7 /* Assets.xcassets in Resources */ = {isa = PBXBuildFile; fileRef = 7484A94E2B7B5D2F00A302A7 /* Assets.xcassets */; };
		7484A9522B7B5D2F00A302A7 /* Preview Assets.xcassets in Resources */ = {isa = PBXBuildFile; fileRef = 7484A9512B7B5D2F00A302A7 /* Preview Assets.xcassets */; };
		7484A9592B7B5DA600A302A7 /* ViewModel.swift in Sources */ = {isa = PBXBuildFile; fileRef = 7484A9582B7B5DA600A302A7 /* ViewModel.swift */; };
		7484A95B2B7B5DDD00A302A7 /* ColorsExtension.swift in Sources */ = {isa = PBXBuildFile; fileRef = 7484A95A2B7B5DDD00A302A7 /* ColorsExtension.swift */; };
		7484A95D2B7B5E1B00A302A7 /* MainView.swift in Sources */ = {isa = PBXBuildFile; fileRef = 7484A95C2B7B5E1B00A302A7 /* MainView.swift */; };
		7484A95F2B7B5E6500A302A7 /* MenuListView.swift in Sources */ = {isa = PBXBuildFile; fileRef = 7484A95E2B7B5E6500A302A7 /* MenuListView.swift */; };
		7484A9612B7B5E8D00A302A7 /* AddMealsView.swift in Sources */ = {isa = PBXBuildFile; fileRef = 7484A9602B7B5E8D00A302A7 /* AddMealsView.swift */; };
		7484A9632B7B5ECB00A302A7 /* AddActiviteisView.swift in Sources */ = {isa = PBXBuildFile; fileRef = 7484A9622B7B5ECB00A302A7 /* AddActiviteisView.swift */; };
		7484A9652B7B5EFC00A302A7 /* PreferencesView.swift in Sources */ = {isa = PBXBuildFile; fileRef = 7484A9642B7B5EFC00A302A7 /* PreferencesView.swift */; };
		7484A9672B7B5F2800A302A7 /* CustumSegmentedControl.swift in Sources */ = {isa = PBXBuildFile; fileRef = 7484A9662B7B5F2800A302A7 /* CustumSegmentedControl.swift */; };
		749BABE32BBBFE3800129313 /* ss4.png in Resources */ = {isa = PBXBuildFile; fileRef = 749BABE22BBBFE3800129313 /* ss4.png */; };
		749BABE52BBBFE3D00129313 /* ss3.png in Resources */ = {isa = PBXBuildFile; fileRef = 749BABE42BBBFE3D00129313 /* ss3.png */; };
		749BABE72BBBFE4600129313 /* ss1.png in Resources */ = {isa = PBXBuildFile; fileRef = 749BABE62BBBFE4600129313 /* ss1.png */; };
/* End PBXBuildFile section */

/* Begin PBXFileReference section */
		744A2B612BBADF670097F0BF /* ss2.png */ = {isa = PBXFileReference; lastKnownFileType = image.png; path = ss2.png; sourceTree = "<group>"; };
		744B17DD2BBAD01F0028E65A /* InfoView.swift */ = {isa = PBXFileReference; lastKnownFileType = sourcecode.swift; path = InfoView.swift; sourceTree = "<group>"; };
		7484A9472B7B5D2E00A302A7 /* DietDuo.app */ = {isa = PBXFileReference; explicitFileType = wrapper.application; includeInIndex = 0; path = DietDuo.app; sourceTree = BUILT_PRODUCTS_DIR; };
		7484A94A2B7B5D2E00A302A7 /* Main.swift */ = {isa = PBXFileReference; lastKnownFileType = sourcecode.swift; path = Main.swift; sourceTree = "<group>"; };
		7484A94E2B7B5D2F00A302A7 /* Assets.xcassets */ = {isa = PBXFileReference; lastKnownFileType = folder.assetcatalog; path = Assets.xcassets; sourceTree = "<group>"; };
		7484A9512B7B5D2F00A302A7 /* Preview Assets.xcassets */ = {isa = PBXFileReference; lastKnownFileType = folder.assetcatalog; path = "Preview Assets.xcassets"; sourceTree = "<group>"; };
		7484A9582B7B5DA600A302A7 /* ViewModel.swift */ = {isa = PBXFileReference; lastKnownFileType = sourcecode.swift; path = ViewModel.swift; sourceTree = "<group>"; };
		7484A95A2B7B5DDD00A302A7 /* ColorsExtension.swift */ = {isa = PBXFileReference; lastKnownFileType = sourcecode.swift; path = ColorsExtension.swift; sourceTree = "<group>"; };
		7484A95C2B7B5E1B00A302A7 /* MainView.swift */ = {isa = PBXFileReference; lastKnownFileType = sourcecode.swift; path = MainView.swift; sourceTree = "<group>"; };
		7484A95E2B7B5E6500A302A7 /* MenuListView.swift */ = {isa = PBXFileReference; lastKnownFileType = sourcecode.swift; path = MenuListView.swift; sourceTree = "<group>"; };
		7484A9602B7B5E8D00A302A7 /* AddMealsView.swift */ = {isa = PBXFileReference; lastKnownFileType = sourcecode.swift; path = AddMealsView.swift; sourceTree = "<group>"; };
		7484A9622B7B5ECB00A302A7 /* AddActiviteisView.swift */ = {isa = PBXFileReference; lastKnownFileType = sourcecode.swift; path = AddActiviteisView.swift; sourceTree = "<group>"; };
		7484A9642B7B5EFC00A302A7 /* PreferencesView.swift */ = {isa = PBXFileReference; lastKnownFileType = sourcecode.swift; path = PreferencesView.swift; sourceTree = "<group>"; };
		7484A9662B7B5F2800A302A7 /* CustumSegmentedControl.swift */ = {isa = PBXFileReference; lastKnownFileType = sourcecode.swift; path = CustumSegmentedControl.swift; sourceTree = "<group>"; };
		749BABE22BBBFE3800129313 /* ss4.png */ = {isa = PBXFileReference; lastKnownFileType = image.png; path = ss4.png; sourceTree = "<group>"; };
		749BABE42BBBFE3D00129313 /* ss3.png */ = {isa = PBXFileReference; lastKnownFileType = image.png; path = ss3.png; sourceTree = "<group>"; };
		749BABE62BBBFE4600129313 /* ss1.png */ = {isa = PBXFileReference; lastKnownFileType = image.png; path = ss1.png; sourceTree = "<group>"; };
/* End PBXFileReference section */

/* Begin PBXFrameworksBuildPhase section */
		7484A9442B7B5D2E00A302A7 /* Frameworks */ = {
			isa = PBXFrameworksBuildPhase;
			buildActionMask = 2147483647;
			files = (
			);
			runOnlyForDeploymentPostprocessing = 0;
		};
/* End PBXFrameworksBuildPhase section */

/* Begin PBXGroup section */
		744A2B5C2BBADE840097F0BF /* GitSreenshots */ = {
			isa = PBXGroup;
			children = (
				749BABE62BBBFE4600129313 /* ss1.png */,
				744A2B612BBADF670097F0BF /* ss2.png */,
				749BABE42BBBFE3D00129313 /* ss3.png */,
				749BABE22BBBFE3800129313 /* ss4.png */,
			);
			path = GitSreenshots;
			sourceTree = "<group>";
		};
		7484A93E2B7B5D2E00A302A7 = {
			isa = PBXGroup;
			children = (
				7484A9492B7B5D2E00A302A7 /* DietDuo */,
				7484A9482B7B5D2E00A302A7 /* Products */,
			);
			sourceTree = "<group>";
		};
		7484A9482B7B5D2E00A302A7 /* Products */ = {
			isa = PBXGroup;
			children = (
				7484A9472B7B5D2E00A302A7 /* DietDuo.app */,
			);
			name = Products;
			sourceTree = "<group>";
		};
		7484A9492B7B5D2E00A302A7 /* DietDuo */ = {
			isa = PBXGroup;
			children = (
				74FE67342BA33123002A90CD /* App */,
				74CE64412B7B601E00B890B7 /* Views */,
				74CE64452B7B60E300B890B7 /* ViewModel */,
				74CE64442B7B60BC00B890B7 /* SupportingFiles */,
				7484A9502B7B5D2F00A302A7 /* Preview Content */,
			);
			path = DietDuo;
			sourceTree = "<group>";
		};
		7484A9502B7B5D2F00A302A7 /* Preview Content */ = {
			isa = PBXGroup;
			children = (
				7484A9512B7B5D2F00A302A7 /* Preview Assets.xcassets */,
			);
			path = "Preview Content";
			sourceTree = "<group>";
		};
		74CE64412B7B601E00B890B7 /* Views */ = {
			isa = PBXGroup;
			children = (
				7484A95C2B7B5E1B00A302A7 /* MainView.swift */,
				74CE64432B7B604B00B890B7 /* OtherViews */,
			);
			path = Views;
			sourceTree = "<group>";
		};
		74CE64432B7B604B00B890B7 /* OtherViews */ = {
			isa = PBXGroup;
			children = (
				74CE64462B7B610200B890B7 /* PreferencesView */,
				7484A95E2B7B5E6500A302A7 /* MenuListView.swift */,
				7484A9602B7B5E8D00A302A7 /* AddMealsView.swift */,
				744B17DD2BBAD01F0028E65A /* InfoView.swift */,
				7484A9622B7B5ECB00A302A7 /* AddActiviteisView.swift */,
			);
			path = OtherViews;
			sourceTree = "<group>";
		};
		74CE64442B7B60BC00B890B7 /* SupportingFiles */ = {
			isa = PBXGroup;
			children = (
				744A2B5C2BBADE840097F0BF /* GitSreenshots */,
				7484A95A2B7B5DDD00A302A7 /* ColorsExtension.swift */,
				7484A94E2B7B5D2F00A302A7 /* Assets.xcassets */,
			);
			path = SupportingFiles;
			sourceTree = "<group>";
		};
		74CE64452B7B60E300B890B7 /* ViewModel */ = {
			isa = PBXGroup;
			children = (
				7484A9582B7B5DA600A302A7 /* ViewModel.swift */,
			);
			path = ViewModel;
			sourceTree = "<group>";
		};
		74CE64462B7B610200B890B7 /* PreferencesView */ = {
			isa = PBXGroup;
			children = (
				7484A9642B7B5EFC00A302A7 /* PreferencesView.swift */,
				7484A9662B7B5F2800A302A7 /* CustumSegmentedControl.swift */,
			);
			path = PreferencesView;
			sourceTree = "<group>";
		};
		74FE67342BA33123002A90CD /* App */ = {
			isa = PBXGroup;
			children = (
				7484A94A2B7B5D2E00A302A7 /* Main.swift */,
			);
			path = App;
			sourceTree = "<group>";
		};
/* End PBXGroup section */

/* Begin PBXNativeTarget section */
		7484A9462B7B5D2E00A302A7 /* DietDuo */ = {
			isa = PBXNativeTarget;
			buildConfigurationList = 7484A9552B7B5D2F00A302A7 /* Build configuration list for PBXNativeTarget "DietDuo" */;
			buildPhases = (
				7484A9432B7B5D2E00A302A7 /* Sources */,
				7484A9442B7B5D2E00A302A7 /* Frameworks */,
				7484A9452B7B5D2E00A302A7 /* Resources */,
			);
			buildRules = (
			);
			dependencies = (
			);
			name = DietDuo;
			productName = DietDuo;
			productReference = 7484A9472B7B5D2E00A302A7 /* DietDuo.app */;
			productType = "com.apple.product-type.application";
		};
/* End PBXNativeTarget section */

/* Begin PBXProject section */
		7484A93F2B7B5D2E00A302A7 /* Project object */ = {
			isa = PBXProject;
			attributes = {
				BuildIndependentTargetsInParallel = 1;
				LastSwiftUpdateCheck = 1420;
				LastUpgradeCheck = 1420;
				TargetAttributes = {
					7484A9462B7B5D2E00A302A7 = {
						CreatedOnToolsVersion = 14.2;
					};
				};
			};
			buildConfigurationList = 7484A9422B7B5D2E00A302A7 /* Build configuration list for PBXProject "DietDuo" */;
			compatibilityVersion = "Xcode 14.0";
			developmentRegion = en;
			hasScannedForEncodings = 0;
			knownRegions = (
				en,
				Base,
			);
			mainGroup = 7484A93E2B7B5D2E00A302A7;
			productRefGroup = 7484A9482B7B5D2E00A302A7 /* Products */;
			projectDirPath = "";
			projectRoot = "";
			targets = (
				7484A9462B7B5D2E00A302A7 /* DietDuo */,
			);
		};
/* End PBXProject section */

/* Begin PBXResourcesBuildPhase section */
		7484A9452B7B5D2E00A302A7 /* Resources */ = {
			isa = PBXResourcesBuildPhase;
			buildActionMask = 2147483647;
			files = (
				749BABE32BBBFE3800129313 /* ss4.png in Resources */,
				7484A9522B7B5D2F00A302A7 /* Preview Assets.xcassets in Resources */,
				749BABE72BBBFE4600129313 /* ss1.png in Resources */,
				7484A94F2B7B5D2F00A302A7 /* Assets.xcassets in Resources */,
				749BABE52BBBFE3D00129313 /* ss3.png in Resources */,
			);
			runOnlyForDeploymentPostprocessing = 0;
		};
/* End PBXResourcesBuildPhase section */

/* Begin PBXSourcesBuildPhase section */
		7484A9432B7B5D2E00A302A7 /* Sources */ = {
			isa = PBXSourcesBuildPhase;
			buildActionMask = 2147483647;
			files = (
				7484A9592B7B5DA600A302A7 /* ViewModel.swift in Sources */,
				7484A95F2B7B5E6500A302A7 /* MenuListView.swift in Sources */,
				7484A9632B7B5ECB00A302A7 /* AddActiviteisView.swift in Sources */,
				7484A9672B7B5F2800A302A7 /* CustumSegmentedControl.swift in Sources */,
				7484A94B2B7B5D2E00A302A7 /* Main.swift in Sources */,
				7484A9612B7B5E8D00A302A7 /* AddMealsView.swift in Sources */,
				7484A9652B7B5EFC00A302A7 /* PreferencesView.swift in Sources */,
				7484A95D2B7B5E1B00A302A7 /* MainView.swift in Sources */,
				744B17DE2BBAD01F0028E65A /* InfoView.swift in Sources */,
				7484A95B2B7B5DDD00A302A7 /* ColorsExtension.swift in Sources */,
			);
			runOnlyForDeploymentPostprocessing = 0;
		};
/* End PBXSourcesBuildPhase section */

/* Begin XCBuildConfiguration section */
		7484A9532B7B5D2F00A302A7 /* Debug */ = {
			isa = XCBuildConfiguration;
			buildSettings = {
				ALWAYS_SEARCH_USER_PATHS = NO;
				CLANG_ANALYZER_NONNULL = YES;
				CLANG_ANALYZER_NUMBER_OBJECT_CONVERSION = YES_AGGRESSIVE;
				CLANG_CXX_LANGUAGE_STANDARD = "gnu++20";
				CLANG_ENABLE_MODULES = YES;
				CLANG_ENABLE_OBJC_ARC = YES;
				CLANG_ENABLE_OBJC_WEAK = YES;
				CLANG_WARN_BLOCK_CAPTURE_AUTORELEASING = YES;
				CLANG_WARN_BOOL_CONVERSION = YES;
				CLANG_WARN_COMMA = YES;
				CLANG_WARN_CONSTANT_CONVERSION = YES;
				CLANG_WARN_DEPRECATED_OBJC_IMPLEMENTATIONS = YES;
				CLANG_WARN_DIRECT_OBJC_ISA_USAGE = YES_ERROR;
				CLANG_WARN_DOCUMENTATION_COMMENTS = YES;
				CLANG_WARN_EMPTY_BODY = YES;
				CLANG_WARN_ENUM_CONVERSION = YES;
				CLANG_WARN_INFINITE_RECURSION = YES;
				CLANG_WARN_INT_CONVERSION = YES;
				CLANG_WARN_NON_LITERAL_NULL_CONVERSION = YES;
				CLANG_WARN_OBJC_IMPLICIT_RETAIN_SELF = YES;
				CLANG_WARN_OBJC_LITERAL_CONVERSION = YES;
				CLANG_WARN_OBJC_ROOT_CLASS = YES_ERROR;
				CLANG_WARN_QUOTED_INCLUDE_IN_FRAMEWORK_HEADER = YES;
				CLANG_WARN_RANGE_LOOP_ANALYSIS = YES;
				CLANG_WARN_STRICT_PROTOTYPES = YES;
				CLANG_WARN_SUSPICIOUS_MOVE = YES;
				CLANG_WARN_UNGUARDED_AVAILABILITY = YES_AGGRESSIVE;
				CLANG_WARN_UNREACHABLE_CODE = YES;
				CLANG_WARN__DUPLICATE_METHOD_MATCH = YES;
				COPY_PHASE_STRIP = NO;
				DEBUG_INFORMATION_FORMAT = dwarf;
				ENABLE_STRICT_OBJC_MSGSEND = YES;
				ENABLE_TESTABILITY = YES;
				GCC_C_LANGUAGE_STANDARD = gnu11;
				GCC_DYNAMIC_NO_PIC = NO;
				GCC_NO_COMMON_BLOCKS = YES;
				GCC_OPTIMIZATION_LEVEL = 0;
				GCC_PREPROCESSOR_DEFINITIONS = (
					"DEBUG=1",
					"$(inherited)",
				);
				GCC_WARN_64_TO_32_BIT_CONVERSION = YES;
				GCC_WARN_ABOUT_RETURN_TYPE = YES_ERROR;
				GCC_WARN_UNDECLARED_SELECTOR = YES;
				GCC_WARN_UNINITIALIZED_AUTOS = YES_AGGRESSIVE;
				GCC_WARN_UNUSED_FUNCTION = YES;
				GCC_WARN_UNUSED_VARIABLE = YES;
				IPHONEOS_DEPLOYMENT_TARGET = 16.2;
				MTL_ENABLE_DEBUG_INFO = INCLUDE_SOURCE;
				MTL_FAST_MATH = YES;
				ONLY_ACTIVE_ARCH = YES;
				SDKROOT = iphoneos;
				SWIFT_ACTIVE_COMPILATION_CONDITIONS = DEBUG;
				SWIFT_OPTIMIZATION_LEVEL = "-Onone";
			};
			name = Debug;
		};
		7484A9542B7B5D2F00A302A7 /* Release */ = {
			isa = XCBuildConfiguration;
			buildSettings = {
				ALWAYS_SEARCH_USER_PATHS = NO;
				CLANG_ANALYZER_NONNULL = YES;
				CLANG_ANALYZER_NUMBER_OBJECT_CONVERSION = YES_AGGRESSIVE;
				CLANG_CXX_LANGUAGE_STANDARD = "gnu++20";
				CLANG_ENABLE_MODULES = YES;
				CLANG_ENABLE_OBJC_ARC = YES;
				CLANG_ENABLE_OBJC_WEAK = YES;
				CLANG_WARN_BLOCK_CAPTURE_AUTORELEASING = YES;
				CLANG_WARN_BOOL_CONVERSION = YES;
				CLANG_WARN_COMMA = YES;
				CLANG_WARN_CONSTANT_CONVERSION = YES;
				CLANG_WARN_DEPRECATED_OBJC_IMPLEMENTATIONS = YES;
				CLANG_WARN_DIRECT_OBJC_ISA_USAGE = YES_ERROR;
				CLANG_WARN_DOCUMENTATION_COMMENTS = YES;
				CLANG_WARN_EMPTY_BODY = YES;
				CLANG_WARN_ENUM_CONVERSION = YES;
				CLANG_WARN_INFINITE_RECURSION = YES;
				CLANG_WARN_INT_CONVERSION = YES;
				CLANG_WARN_NON_LITERAL_NULL_CONVERSION = YES;
				CLANG_WARN_OBJC_IMPLICIT_RETAIN_SELF = YES;
				CLANG_WARN_OBJC_LITERAL_CONVERSION = YES;
				CLANG_WARN_OBJC_ROOT_CLASS = YES_ERROR;
				CLANG_WARN_QUOTED_INCLUDE_IN_FRAMEWORK_HEADER = YES;
				CLANG_WARN_RANGE_LOOP_ANALYSIS = YES;
				CLANG_WARN_STRICT_PROTOTYPES = YES;
				CLANG_WARN_SUSPICIOUS_MOVE = YES;
				CLANG_WARN_UNGUARDED_AVAILABILITY = YES_AGGRESSIVE;
				CLANG_WARN_UNREACHABLE_CODE = YES;
				CLANG_WARN__DUPLICATE_METHOD_MATCH = YES;
				COPY_PHASE_STRIP = NO;
				DEBUG_INFORMATION_FORMAT = "dwarf-with-dsym";
				ENABLE_NS_ASSERTIONS = NO;
				ENABLE_STRICT_OBJC_MSGSEND = YES;
				GCC_C_LANGUAGE_STANDARD = gnu11;
				GCC_NO_COMMON_BLOCKS = YES;
				GCC_WARN_64_TO_32_BIT_CONVERSION = YES;
				GCC_WARN_ABOUT_RETURN_TYPE = YES_ERROR;
				GCC_WARN_UNDECLARED_SELECTOR = YES;
				GCC_WARN_UNINITIALIZED_AUTOS = YES_AGGRESSIVE;
				GCC_WARN_UNUSED_FUNCTION = YES;
				GCC_WARN_UNUSED_VARIABLE = YES;
				IPHONEOS_DEPLOYMENT_TARGET = 16.2;
				MTL_ENABLE_DEBUG_INFO = NO;
				MTL_FAST_MATH = YES;
				SDKROOT = iphoneos;
				SWIFT_COMPILATION_MODE = wholemodule;
				SWIFT_OPTIMIZATION_LEVEL = "-O";
				VALIDATE_PRODUCT = YES;
			};
			name = Release;
		};
		7484A9562B7B5D2F00A302A7 /* Debug */ = {
			isa = XCBuildConfiguration;
			buildSettings = {
				ASSETCATALOG_COMPILER_APPICON_NAME = AppIcon;
				ASSETCATALOG_COMPILER_GLOBAL_ACCENT_COLOR_NAME = AccentColor;
				CODE_SIGN_STYLE = Automatic;
				CURRENT_PROJECT_VERSION = 1;
				DEVELOPMENT_ASSET_PATHS = "\"DietDuo/Preview Content\"";
				DEVELOPMENT_TEAM = HN32HK2XMQ;
				ENABLE_PREVIEWS = YES;
				GENERATE_INFOPLIST_FILE = YES;
				INFOPLIST_KEY_UIApplicationSceneManifest_Generation = YES;
				INFOPLIST_KEY_UIApplicationSupportsIndirectInputEvents = YES;
				INFOPLIST_KEY_UILaunchScreen_Generation = YES;
				INFOPLIST_KEY_UISupportedInterfaceOrientations_iPad = "UIInterfaceOrientationPortrait UIInterfaceOrientationPortraitUpsideDown UIInterfaceOrientationLandscapeLeft UIInterfaceOrientationLandscapeRight";
				INFOPLIST_KEY_UISupportedInterfaceOrientations_iPhone = "UIInterfaceOrientationPortrait UIInterfaceOrientationLandscapeLeft UIInterfaceOrientationLandscapeRight";
				LD_RUNPATH_SEARCH_PATHS = (
					"$(inherited)",
					"@executable_path/Frameworks",
				);
				MARKETING_VERSION = 1.0;
				PRODUCT_BUNDLE_IDENTIFIER = MIKHAIL.DietDuo;
				PRODUCT_NAME = "$(TARGET_NAME)";
				SWIFT_EMIT_LOC_STRINGS = YES;
				SWIFT_VERSION = 5.0;
				TARGETED_DEVICE_FAMILY = "1,2";
			};
			name = Debug;
		};
		7484A9572B7B5D2F00A302A7 /* Release */ = {
			isa = XCBuildConfiguration;
			buildSettings = {
				ASSETCATALOG_COMPILER_APPICON_NAME = AppIcon;
				ASSETCATALOG_COMPILER_GLOBAL_ACCENT_COLOR_NAME = AccentColor;
				CODE_SIGN_STYLE = Automatic;
				CURRENT_PROJECT_VERSION = 1;
				DEVELOPMENT_ASSET_PATHS = "\"DietDuo/Preview Content\"";
				DEVELOPMENT_TEAM = HN32HK2XMQ;
				ENABLE_PREVIEWS = YES;
				GENERATE_INFOPLIST_FILE = YES;
				INFOPLIST_KEY_UIApplicationSceneManifest_Generation = YES;
				INFOPLIST_KEY_UIApplicationSupportsIndirectInputEvents = YES;
				INFOPLIST_KEY_UILaunchScreen_Generation = YES;
				INFOPLIST_KEY_UISupportedInterfaceOrientations_iPad = "UIInterfaceOrientationPortrait UIInterfaceOrientationPortraitUpsideDown UIInterfaceOrientationLandscapeLeft UIInterfaceOrientationLandscapeRight";
				INFOPLIST_KEY_UISupportedInterfaceOrientations_iPhone = "UIInterfaceOrientationPortrait UIInterfaceOrientationLandscapeLeft UIInterfaceOrientationLandscapeRight";
				LD_RUNPATH_SEARCH_PATHS = (
					"$(inherited)",
					"@executable_path/Frameworks",
				);
				MARKETING_VERSION = 1.0;
				PRODUCT_BUNDLE_IDENTIFIER = MIKHAIL.DietDuo;
				PRODUCT_NAME = "$(TARGET_NAME)";
				SWIFT_EMIT_LOC_STRINGS = YES;
				SWIFT_VERSION = 5.0;
				TARGETED_DEVICE_FAMILY = "1,2";
			};
			name = Release;
		};
/* End XCBuildConfiguration section */

/* Begin XCConfigurationList section */
		7484A9422B7B5D2E00A302A7 /* Build configuration list for PBXProject "DietDuo" */ = {
			isa = XCConfigurationList;
			buildConfigurations = (
				7484A9532B7B5D2F00A302A7 /* Debug */,
				7484A9542B7B5D2F00A302A7 /* Release */,
			);
			defaultConfigurationIsVisible = 0;
			defaultConfigurationName = Release;
		};
		7484A9552B7B5D2F00A302A7 /* Build configuration list for PBXNativeTarget "DietDuo" */ = {
			isa = XCConfigurationList;
			buildConfigurations = (
				7484A9562B7B5D2F00A302A7 /* Debug */,
				7484A9572B7B5D2F00A302A7 /* Release */,
			);
			defaultConfigurationIsVisible = 0;
			defaultConfigurationName = Release;
		};
/* End XCConfigurationList section */
	};
	rootObject = 7484A93F2B7B5D2E00A302A7 /* Project object */;
}
